// !$*UTF8*$!
{
	archiveVersion = 1;
	classes = {
	};
	objectVersion = 51;
	objects = {

/* Begin PBXBuildFile section */
		7E34AC3DF0B3FFED4F3E233E /* Pods_MoeToDo.framework in Frameworks */ = {isa = PBXBuildFile; fileRef = A3D177310183874D9171E6E8 /* Pods_MoeToDo.framework */; };
		964DEE2823C50A710026E9B0 /* Category.swift in Sources */ = {isa = PBXBuildFile; fileRef = 964DEE2723C50A700026E9B0 /* Category.swift */; };
		964DEE2A23C50A7C0026E9B0 /* Item.swift in Sources */ = {isa = PBXBuildFile; fileRef = 964DEE2923C50A7C0026E9B0 /* Item.swift */; };
		96DACE9523C506360071FCDE /* AppDelegate.swift in Sources */ = {isa = PBXBuildFile; fileRef = 96DACE9423C506360071FCDE /* AppDelegate.swift */; };
		96DACE9723C506360071FCDE /* SceneDelegate.swift in Sources */ = {isa = PBXBuildFile; fileRef = 96DACE9623C506360071FCDE /* SceneDelegate.swift */; };
		96DACE9923C506360071FCDE /* CategoryController.swift in Sources */ = {isa = PBXBuildFile; fileRef = 96DACE9823C506360071FCDE /* CategoryController.swift */; };
		96DACE9C23C506360071FCDE /* Main.storyboard in Resources */ = {isa = PBXBuildFile; fileRef = 96DACE9A23C506360071FCDE /* Main.storyboard */; };
		96DACE9E23C506360071FCDE /* Assets.xcassets in Resources */ = {isa = PBXBuildFile; fileRef = 96DACE9D23C506360071FCDE /* Assets.xcassets */; };
		96DACEA123C506370071FCDE /* LaunchScreen.storyboard in Resources */ = {isa = PBXBuildFile; fileRef = 96DACE9F23C506370071FCDE /* LaunchScreen.storyboard */; };
		96DACEAC23C508040071FCDE /* ItemViewController.swift in Sources */ = {isa = PBXBuildFile; fileRef = 96DACEAB23C508040071FCDE /* ItemViewController.swift */; };
/* End PBXBuildFile section */

/* Begin PBXFileReference section */
		747958068C98CD0D17EEE2E2 /* Pods-MoeToDo.release.xcconfig */ = {isa = PBXFileReference; includeInIndex = 1; lastKnownFileType = text.xcconfig; name = "Pods-MoeToDo.release.xcconfig"; path = "Target Support Files/Pods-MoeToDo/Pods-MoeToDo.release.xcconfig"; sourceTree = "<group>"; };
		964DEE2723C50A700026E9B0 /* Category.swift */ = {isa = PBXFileReference; lastKnownFileType = sourcecode.swift; path = Category.swift; sourceTree = "<group>"; };
		964DEE2923C50A7C0026E9B0 /* Item.swift */ = {isa = PBXFileReference; lastKnownFileType = sourcecode.swift; path = Item.swift; sourceTree = "<group>"; };
		96DACE9123C506360071FCDE /* MoeToDo.app */ = {isa = PBXFileReference; explicitFileType = wrapper.application; includeInIndex = 0; path = MoeToDo.app; sourceTree = BUILT_PRODUCTS_DIR; };
		96DACE9423C506360071FCDE /* AppDelegate.swift */ = {isa = PBXFileReference; lastKnownFileType = sourcecode.swift; path = AppDelegate.swift; sourceTree = "<group>"; };
		96DACE9623C506360071FCDE /* SceneDelegate.swift */ = {isa = PBXFileReference; lastKnownFileType = sourcecode.swift; path = SceneDelegate.swift; sourceTree = "<group>"; };
		96DACE9823C506360071FCDE /* CategoryController.swift */ = {isa = PBXFileReference; lastKnownFileType = sourcecode.swift; path = CategoryController.swift; sourceTree = "<group>"; };
		96DACE9B23C506360071FCDE /* Base */ = {isa = PBXFileReference; lastKnownFileType = file.storyboard; name = Base; path = Base.lproj/Main.storyboard; sourceTree = "<group>"; };
		96DACE9D23C506360071FCDE /* Assets.xcassets */ = {isa = PBXFileReference; lastKnownFileType = folder.assetcatalog; path = Assets.xcassets; sourceTree = "<group>"; };
		96DACEA023C506370071FCDE /* Base */ = {isa = PBXFileReference; lastKnownFileType = file.storyboard; name = Base; path = Base.lproj/LaunchScreen.storyboard; sourceTree = "<group>"; };
		96DACEA223C506370071FCDE /* Info.plist */ = {isa = PBXFileReference; lastKnownFileType = text.plist.xml; path = Info.plist; sourceTree = "<group>"; };
		96DACEAB23C508040071FCDE /* ItemViewController.swift */ = {isa = PBXFileReference; lastKnownFileType = sourcecode.swift; path = ItemViewController.swift; sourceTree = "<group>"; };
		A3D177310183874D9171E6E8 /* Pods_MoeToDo.framework */ = {isa = PBXFileReference; explicitFileType = wrapper.framework; includeInIndex = 0; path = Pods_MoeToDo.framework; sourceTree = BUILT_PRODUCTS_DIR; };
		D43C0E1ED20D372D5A8E11FB /* Pods-MoeToDo.debug.xcconfig */ = {isa = PBXFileReference; includeInIndex = 1; lastKnownFileType = text.xcconfig; name = "Pods-MoeToDo.debug.xcconfig"; path = "Target Support Files/Pods-MoeToDo/Pods-MoeToDo.debug.xcconfig"; sourceTree = "<group>"; };
/* End PBXFileReference section */

/* Begin PBXFrameworksBuildPhase section */
		96DACE8E23C506360071FCDE /* Frameworks */ = {
			isa = PBXFrameworksBuildPhase;
			buildActionMask = 2147483647;
			files = (
				7E34AC3DF0B3FFED4F3E233E /* Pods_MoeToDo.framework in Frameworks */,
			);
			runOnlyForDeploymentPostprocessing = 0;
		};
/* End PBXFrameworksBuildPhase section */

/* Begin PBXGroup section */
		7C98263054BA5C15C0A12251 /* Pods */ = {
			isa = PBXGroup;
			children = (
				D43C0E1ED20D372D5A8E11FB /* Pods-MoeToDo.debug.xcconfig */,
				747958068C98CD0D17EEE2E2 /* Pods-MoeToDo.release.xcconfig */,
			);
			path = Pods;
			sourceTree = "<group>";
		};
		96DACE8823C506360071FCDE = {
			isa = PBXGroup;
			children = (
				96DACE9323C506360071FCDE /* MoeToDo */,
				96DACE9223C506360071FCDE /* Products */,
				7C98263054BA5C15C0A12251 /* Pods */,
				A9C9D5EE87BB829D12FE1ED0 /* Frameworks */,
			);
			sourceTree = "<group>";
		};
		96DACE9223C506360071FCDE /* Products */ = {
			isa = PBXGroup;
			children = (
				96DACE9123C506360071FCDE /* MoeToDo.app */,
			);
			name = Products;
			sourceTree = "<group>";
		};
		96DACE9323C506360071FCDE /* MoeToDo */ = {
			isa = PBXGroup;
			children = (
				96DACEAD23C509C80071FCDE /* Model */,
				96DACEA823C507A60071FCDE /* Controller */,
				96DACEA923C507C70071FCDE /* View */,
				96DACEAA23C507DA0071FCDE /* Supporting Files */,
				96DACE9F23C506370071FCDE /* LaunchScreen.storyboard */,
				96DACEA223C506370071FCDE /* Info.plist */,
			);
			path = MoeToDo;
			sourceTree = "<group>";
		};
		96DACEA823C507A60071FCDE /* Controller */ = {
			isa = PBXGroup;
			children = (
				96DACE9423C506360071FCDE /* AppDelegate.swift */,
				96DACE9623C506360071FCDE /* SceneDelegate.swift */,
				96DACE9823C506360071FCDE /* CategoryController.swift */,
				96DACEAB23C508040071FCDE /* ItemViewController.swift */,
			);
			path = Controller;
			sourceTree = "<group>";
		};
		96DACEA923C507C70071FCDE /* View */ = {
			isa = PBXGroup;
			children = (
				96DACE9A23C506360071FCDE /* Main.storyboard */,
			);
			path = View;
			sourceTree = "<group>";
		};
		96DACEAA23C507DA0071FCDE /* Supporting Files */ = {
			isa = PBXGroup;
			children = (
				96DACE9D23C506360071FCDE /* Assets.xcassets */,
			);
			path = "Supporting Files";
			sourceTree = "<group>";
		};
		96DACEAD23C509C80071FCDE /* Model */ = {
			isa = PBXGroup;
			children = (
				964DEE2723C50A700026E9B0 /* Category.swift */,
				964DEE2923C50A7C0026E9B0 /* Item.swift */,
			);
			path = Model;
			sourceTree = "<group>";
		};
		A9C9D5EE87BB829D12FE1ED0 /* Frameworks */ = {
			isa = PBXGroup;
			children = (
				A3D177310183874D9171E6E8 /* Pods_MoeToDo.framework */,
			);
			name = Frameworks;
			sourceTree = "<group>";
		};
/* End PBXGroup section */

/* Begin PBXNativeTarget section */
		96DACE9023C506360071FCDE /* MoeToDo */ = {
			isa = PBXNativeTarget;
			buildConfigurationList = 96DACEA523C506370071FCDE /* Build configuration list for PBXNativeTarget "MoeToDo" */;
			buildPhases = (
				F317BF60FD55B14846536893 /* [CP] Check Pods Manifest.lock */,
				96DACE8D23C506360071FCDE /* Sources */,
				96DACE8E23C506360071FCDE /* Frameworks */,
				96DACE8F23C506360071FCDE /* Resources */,
				DACEDF2002E032422AFC81A2 /* [CP] Embed Pods Frameworks */,
			);
			buildRules = (
			);
			dependencies = (
			);
			name = MoeToDo;
			productName = MoeToDo;
			productReference = 96DACE9123C506360071FCDE /* MoeToDo.app */;
			productType = "com.apple.product-type.application";
		};
/* End PBXNativeTarget section */

/* Begin PBXProject section */
		96DACE8923C506360071FCDE /* Project object */ = {
			isa = PBXProject;
			attributes = {
				LastSwiftUpdateCheck = 1110;
				LastUpgradeCheck = 1110;
				ORGANIZATIONNAME = "Mohamed Aboghali";
				TargetAttributes = {
					96DACE9023C506360071FCDE = {
						CreatedOnToolsVersion = 11.1;
					};
				};
			};
			buildConfigurationList = 96DACE8C23C506360071FCDE /* Build configuration list for PBXProject "MoeToDo" */;
			compatibilityVersion = "Xcode 9.3";
			developmentRegion = en;
			hasScannedForEncodings = 0;
			knownRegions = (
				en,
				Base,
			);
			mainGroup = 96DACE8823C506360071FCDE;
			productRefGroup = 96DACE9223C506360071FCDE /* Products */;
			projectDirPath = "";
			projectRoot = "";
			targets = (
				96DACE9023C506360071FCDE /* MoeToDo */,
			);
		};
/* End PBXProject section */

/* Begin PBXResourcesBuildPhase section */
		96DACE8F23C506360071FCDE /* Resources */ = {
			isa = PBXResourcesBuildPhase;
			buildActionMask = 2147483647;
			files = (
				96DACEA123C506370071FCDE /* LaunchScreen.storyboard in Resources */,
				96DACE9E23C506360071FCDE /* Assets.xcassets in Resources */,
				96DACE9C23C506360071FCDE /* Main.storyboard in Resources */,
			);
			runOnlyForDeploymentPostprocessing = 0;
		};
/* End PBXResourcesBuildPhase section */

/* Begin PBXShellScriptBuildPhase section */
		DACEDF2002E032422AFC81A2 /* [CP] Embed Pods Frameworks */ = {
			isa = PBXShellScriptBuildPhase;
			buildActionMask = 2147483647;
			files = (
			);
			inputFileListPaths = (
				"${PODS_ROOT}/Target Support Files/Pods-MoeToDo/Pods-MoeToDo-frameworks-${CONFIGURATION}-input-files.xcfilelist",
			);
			name = "[CP] Embed Pods Frameworks";
			outputFileListPaths = (
				"${PODS_ROOT}/Target Support Files/Pods-MoeToDo/Pods-MoeToDo-frameworks-${CONFIGURATION}-output-files.xcfilelist",
			);
			runOnlyForDeploymentPostprocessing = 0;
			shellPath = /bin/sh;
			shellScript = "\"${PODS_ROOT}/Target Support Files/Pods-MoeToDo/Pods-MoeToDo-frameworks.sh\"\n";
			showEnvVarsInLog = 0;
		};
		F317BF60FD55B14846536893 /* [CP] Check Pods Manifest.lock */ = {
			isa = PBXShellScriptBuildPhase;
			buildActionMask = 2147483647;
			files = (
			);
			inputFileListPaths = (
			);
			inputPaths = (
				"${PODS_PODFILE_DIR_PATH}/Podfile.lock",
				"${PODS_ROOT}/Manifest.lock",
			);
			name = "[CP] Check Pods Manifest.lock";
			outputFileListPaths = (
			);
			outputPaths = (
				"$(DERIVED_FILE_DIR)/Pods-MoeToDo-checkManifestLockResult.txt",
			);
			runOnlyForDeploymentPostprocessing = 0;
			shellPath = /bin/sh;
			shellScript = "diff \"${PODS_PODFILE_DIR_PATH}/Podfile.lock\" \"${PODS_ROOT}/Manifest.lock\" > /dev/null\nif [ $? != 0 ] ; then\n    # print error to STDERR\n    echo \"error: The sandbox is not in sync with the Podfile.lock. Run 'pod install' or update your CocoaPods installation.\" >&2\n    exit 1\nfi\n# This output is used by Xcode 'outputs' to avoid re-running this script phase.\necho \"SUCCESS\" > \"${SCRIPT_OUTPUT_FILE_0}\"\n";
			showEnvVarsInLog = 0;
		};
/* End PBXShellScriptBuildPhase section */

/* Begin PBXSourcesBuildPhase section */
		96DACE8D23C506360071FCDE /* Sources */ = {
			isa = PBXSourcesBuildPhase;
			buildActionMask = 2147483647;
			files = (
				96DACE9923C506360071FCDE /* CategoryController.swift in Sources */,
				964DEE2823C50A710026E9B0 /* Category.swift in Sources */,
				96DACEAC23C508040071FCDE /* ItemViewController.swift in Sources */,
				96DACE9523C506360071FCDE /* AppDelegate.swift in Sources */,
				964DEE2A23C50A7C0026E9B0 /* Item.swift in Sources */,
				96DACE9723C506360071FCDE /* SceneDelegate.swift in Sources */,
			);
			runOnlyForDeploymentPostprocessing = 0;
		};
/* End PBXSourcesBuildPhase section */

/* Begin PBXVariantGroup section */
		96DACE9A23C506360071FCDE /* Main.storyboard */ = {
			isa = PBXVariantGroup;
			children = (
				96DACE9B23C506360071FCDE /* Base */,
			);
			name = Main.storyboard;
			sourceTree = "<group>";
		};
		96DACE9F23C506370071FCDE /* LaunchScreen.storyboard */ = {
			isa = PBXVariantGroup;
			children = (
				96DACEA023C506370071FCDE /* Base */,
			);
			name = LaunchScreen.storyboard;
			sourceTree = "<group>";
		};
/* End PBXVariantGroup section */

/* Begin XCBuildConfiguration section */
		96DACEA323C506370071FCDE /* Debug */ = {
			isa = XCBuildConfiguration;
			buildSettings = {
				ALWAYS_SEARCH_USER_PATHS = NO;
				CLANG_ANALYZER_NONNULL = YES;
				CLANG_ANALYZER_NUMBER_OBJECT_CONVERSION = YES_AGGRESSIVE;
				CLANG_CXX_LANGUAGE_STANDARD = "gnu++14";
				CLANG_CXX_LIBRARY = "libc++";
				CLANG_ENABLE_MODULES = YES;
				CLANG_ENABLE_OBJC_ARC = YES;
				CLANG_ENABLE_OBJC_WEAK = YES;
				CLANG_WARN_BLOCK_CAPTURE_AUTORELEASING = YES;
				CLANG_WARN_BOOL_CONVERSION = YES;
				CLANG_WARN_COMMA = YES;
				CLANG_WARN_CONSTANT_CONVERSION = YES;
				CLANG_WARN_DEPRECATED_OBJC_IMPLEMENTATIONS = YES;
				CLANG_WARN_DIRECT_OBJC_ISA_USAGE = YES_ERROR;
				CLANG_WARN_DOCUMENTATION_COMMENTS = YES;
				CLANG_WARN_EMPTY_BODY = YES;
				CLANG_WARN_ENUM_CONVERSION = YES;
				CLANG_WARN_INFINITE_RECURSION = YES;
				CLANG_WARN_INT_CONVERSION = YES;
				CLANG_WARN_NON_LITERAL_NULL_CONVERSION = YES;
				CLANG_WARN_OBJC_IMPLICIT_RETAIN_SELF = YES;
				CLANG_WARN_OBJC_LITERAL_CONVERSION = YES;
				CLANG_WARN_OBJC_ROOT_CLASS = YES_ERROR;
				CLANG_WARN_RANGE_LOOP_ANALYSIS = YES;
				CLANG_WARN_STRICT_PROTOTYPES = YES;
				CLANG_WARN_SUSPICIOUS_MOVE = YES;
				CLANG_WARN_UNGUARDED_AVAILABILITY = YES_AGGRESSIVE;
				CLANG_WARN_UNREACHABLE_CODE = YES;
				CLANG_WARN__DUPLICATE_METHOD_MATCH = YES;
				COPY_PHASE_STRIP = NO;
				DEBUG_INFORMATION_FORMAT = dwarf;
				ENABLE_STRICT_OBJC_MSGSEND = YES;
				ENABLE_TESTABILITY = YES;
				GCC_C_LANGUAGE_STANDARD = gnu11;
				GCC_DYNAMIC_NO_PIC = NO;
				GCC_NO_COMMON_BLOCKS = YES;
				GCC_OPTIMIZATION_LEVEL = 0;
				GCC_PREPROCESSOR_DEFINITIONS = (
					"DEBUG=1",
					"$(inherited)",
				);
				GCC_WARN_64_TO_32_BIT_CONVERSION = YES;
				GCC_WARN_ABOUT_RETURN_TYPE = YES_ERROR;
				GCC_WARN_UNDECLARED_SELECTOR = YES;
				GCC_WARN_UNINITIALIZED_AUTOS = YES_AGGRESSIVE;
				GCC_WARN_UNUSED_FUNCTION = YES;
				GCC_WARN_UNUSED_VARIABLE = YES;
				IPHONEOS_DEPLOYMENT_TARGET = 13.1;
				MTL_ENABLE_DEBUG_INFO = INCLUDE_SOURCE;
				MTL_FAST_MATH = YES;
				ONLY_ACTIVE_ARCH = YES;
				SDKROOT = iphoneos;
				SWIFT_ACTIVE_COMPILATION_CONDITIONS = DEBUG;
				SWIFT_OPTIMIZATION_LEVEL = "-Onone";
			};
			name = Debug;
		};
		96DACEA423C506370071FCDE /* Release */ = {
			isa = XCBuildConfiguration;
			buildSettings = {
				ALWAYS_SEARCH_USER_PATHS = NO;
				CLANG_ANALYZER_NONNULL = YES;
				CLANG_ANALYZER_NUMBER_OBJECT_CONVERSION = YES_AGGRESSIVE;
				CLANG_CXX_LANGUAGE_STANDARD = "gnu++14";
				CLANG_CXX_LIBRARY = "libc++";
				CLANG_ENABLE_MODULES = YES;
				CLANG_ENABLE_OBJC_ARC = YES;
				CLANG_ENABLE_OBJC_WEAK = YES;
				CLANG_WARN_BLOCK_CAPTURE_AUTORELEASING = YES;
				CLANG_WARN_BOOL_CONVERSION = YES;
				CLANG_WARN_COMMA = YES;
				CLANG_WARN_CONSTANT_CONVERSION = YES;
				CLANG_WARN_DEPRECATED_OBJC_IMPLEMENTATIONS = YES;
				CLANG_WARN_DIRECT_OBJC_ISA_USAGE = YES_ERROR;
				CLANG_WARN_DOCUMENTATION_COMMENTS = YES;
				CLANG_WARN_EMPTY_BODY = YES;
				CLANG_WARN_ENUM_CONVERSION = YES;
				CLANG_WARN_INFINITE_RECURSION = YES;
				CLANG_WARN_INT_CONVERSION = YES;
				CLANG_WARN_NON_LITERAL_NULL_CONVERSION = YES;
				CLANG_WARN_OBJC_IMPLICIT_RETAIN_SELF = YES;
				CLANG_WARN_OBJC_LITERAL_CONVERSION = YES;
				CLANG_WARN_OBJC_ROOT_CLASS = YES_ERROR;
				CLANG_WARN_RANGE_LOOP_ANALYSIS = YES;
				CLANG_WARN_STRICT_PROTOTYPES = YES;
				CLANG_WARN_SUSPICIOUS_MOVE = YES;
				CLANG_WARN_UNGUARDED_AVAILABILITY = YES_AGGRESSIVE;
				CLANG_WARN_UNREACHABLE_CODE = YES;
				CLANG_WARN__DUPLICATE_METHOD_MATCH = YES;
				COPY_PHASE_STRIP = NO;
				DEBUG_INFORMATION_FORMAT = "dwarf-with-dsym";
				ENABLE_NS_ASSERTIONS = NO;
				ENABLE_STRICT_OBJC_MSGSEND = YES;
				GCC_C_LANGUAGE_STANDARD = gnu11;
				GCC_NO_COMMON_BLOCKS = YES;
				GCC_WARN_64_TO_32_BIT_CONVERSION = YES;
				GCC_WARN_ABOUT_RETURN_TYPE = YES_ERROR;
				GCC_WARN_UNDECLARED_SELECTOR = YES;
				GCC_WARN_UNINITIALIZED_AUTOS = YES_AGGRESSIVE;
				GCC_WARN_UNUSED_FUNCTION = YES;
				GCC_WARN_UNUSED_VARIABLE = YES;
				IPHONEOS_DEPLOYMENT_TARGET = 13.1;
				MTL_ENABLE_DEBUG_INFO = NO;
				MTL_FAST_MATH = YES;
				SDKROOT = iphoneos;
				SWIFT_COMPILATION_MODE = wholemodule;
				SWIFT_OPTIMIZATION_LEVEL = "-O";
				VALIDATE_PRODUCT = YES;
			};
			name = Release;
		};
		96DACEA623C506370071FCDE /* Debug */ = {
			isa = XCBuildConfiguration;
			baseConfigurationReference = D43C0E1ED20D372D5A8E11FB /* Pods-MoeToDo.debug.xcconfig */;
			buildSettings = {
				ASSETCATALOG_COMPILER_APPICON_NAME = AppIcon;
				CODE_SIGN_STYLE = Automatic;
				DEVELOPMENT_TEAM = VBP8XSC6AV;
				INFOPLIST_FILE = MoeToDo/Info.plist;
				LD_RUNPATH_SEARCH_PATHS = (
					"$(inherited)",
					"@executable_path/Frameworks",
				);
				PRODUCT_BUNDLE_IDENTIFIER = com.mohamedaboghali.MoeToDo;
				PRODUCT_NAME = "$(TARGET_NAME)";
				SWIFT_VERSION = 5.0;
				TARGETED_DEVICE_FAMILY = "1,2";
			};
			name = Debug;
		};
		96DACEA723C506370071FCDE /* Release */ = {
			isa = XCBuildConfiguration;
			baseConfigurationReference = 747958068C98CD0D17EEE2E2 /* Pods-MoeToDo.release.xcconfig */;
			buildSettings = {
				ASSETCATALOG_COMPILER_APPICON_NAME = AppIcon;
				CODE_SIGN_STYLE = Automatic;
				DEVELOPMENT_TEAM = VBP8XSC6AV;
				INFOPLIST_FILE = MoeToDo/Info.plist;
				LD_RUNPATH_SEARCH_PATHS = (
					"$(inherited)",
					"@executable_path/Frameworks",
				);
				PRODUCT_BUNDLE_IDENTIFIER = com.mohamedaboghali.MoeToDo;
				PRODUCT_NAME = "$(TARGET_NAME)";
				SWIFT_VERSION = 5.0;
				TARGETED_DEVICE_FAMILY = "1,2";
			};
			name = Release;
		};
/* End XCBuildConfiguration section */

/* Begin XCConfigurationList section */
		96DACE8C23C506360071FCDE /* Build configuration list for PBXProject "MoeToDo" */ = {
			isa = XCConfigurationList;
			buildConfigurations = (
				96DACEA323C506370071FCDE /* Debug */,
				96DACEA423C506370071FCDE /* Release */,
			);
			defaultConfigurationIsVisible = 0;
			defaultConfigurationName = Release;
		};
		96DACEA523C506370071FCDE /* Build configuration list for PBXNativeTarget "MoeToDo" */ = {
			isa = XCConfigurationList;
			buildConfigurations = (
				96DACEA623C506370071FCDE /* Debug */,
				96DACEA723C506370071FCDE /* Release */,
			);
			defaultConfigurationIsVisible = 0;
			defaultConfigurationName = Release;
		};
/* End XCConfigurationList section */
	};
	rootObject = 96DACE8923C506360071FCDE /* Project object */;
}
